<?xml version="1.0" encoding="utf-8"?>
<Project ToolsVersion="4.0" xmlns="http://schemas.microsoft.com/developer/msbuild/2003">
  <ItemGroup>
    <Filter Include="리소스 파일">
      <UniqueIdentifier>{67DA6AB6-F800-4c08-8B7A-83BB121AAD01}</UniqueIdentifier>
      <Extensions>rc;ico;cur;bmp;dlg;rc2;rct;bin;rgs;gif;jpg;jpeg;jpe;resx;tiff;tif;png;wav;mfcribbon-ms</Extensions>
    </Filter>
    <Filter Include="Player">
      <UniqueIdentifier>{f1361460-d0ce-4121-ba07-0288d70031a2}</UniqueIdentifier>
    </Filter>
    <Filter Include="Utils">
      <UniqueIdentifier>{3644c676-450b-4024-b97e-15c41ef3bd53}</UniqueIdentifier>
    </Filter>
    <Filter Include="Enemy">
      <UniqueIdentifier>{1fd3fce3-a6fc-4106-b82f-e553e4710383}</UniqueIdentifier>
    </Filter>
    <Filter Include="Object">
      <UniqueIdentifier>{8b15a3fe-8319-4323-86ef-8e9f08db9518}</UniqueIdentifier>
    </Filter>
  </ItemGroup>
  <ItemGroup>
    <ClCompile Include="source\player\player.cpp">
      <Filter>Player</Filter>
    </ClCompile>
    <ClCompile Include="main.cpp" />
    <ClCompile Include="source\Utils\Utils.cpp">
      <Filter>Utils</Filter>
    </ClCompile>
    <ClCompile Include="source\Utils\InputManager.cpp">
      <Filter>Utils</Filter>
    </ClCompile>
    <ClCompile Include="source\Utils\TextureHolder.cpp">
      <Filter>Utils</Filter>
    </ClCompile>
    <ClCompile Include="source\Enemy\Zombie.cpp">
      <Filter>Enemy</Filter>
    </ClCompile>
    <ClCompile Include="source\Object\Bullet.cpp">
      <Filter>Object</Filter>
    </ClCompile>
    <ClCompile Include="source\Object\Crosshair.cpp">
      <Filter>Object</Filter>
    </ClCompile>
  </ItemGroup>
  <ItemGroup>
    <ClInclude Include="source\player\player.h">
      <Filter>Player</Filter>
    </ClInclude>
    <ClInclude Include="source\Utils\Utils.h">
      <Filter>Utils</Filter>
    </ClInclude>
    <ClInclude Include="source\Utils\InputManager.h">
      <Filter>Utils</Filter>
    </ClInclude>
    <ClInclude Include="source\Utils\TextureHolder.h">
      <Filter>Utils</Filter>
    </ClInclude>
    <ClInclude Include="source\Enemy\Zombie.h">
      <Filter>Enemy</Filter>
    </ClInclude>
    <ClInclude Include="source\Object\Bullet.h">
      <Filter>Object</Filter>
    </ClInclude>
    <ClInclude Include="source\Object\Crosshair.h">
      <Filter>Object</Filter>
    </ClInclude>
  </ItemGroup>
</Project>